
Microsoft Visual Studio Solution File, Format Version 12.00
# Visual Studio Version 16
VisualStudioVersion = 16.0.31515.178
MinimumVisualStudioVersion = 10.0.40219.1
Project("{FAE04EC0-301F-11D3-BF4B-00C04F79EFBC}") = "OddEvenNumbers", "OddEvenNumbers\OddEvenNumbers.csproj", "{186F3C4E-C1C0-4AB9-AE99-878F1A79C95E}"
EndProject
Global
	GlobalSection(SolutionConfigurationPlatforms) = preSolution
		Debug|Any CPU = Debug|Any CPU
		Release|Any CPU = Release|Any CPU
	EndGlobalSection
	GlobalSection(ProjectConfigurationPlatforms) = postSolution
		{186F3C4E-C1C0-4AB9-AE99-878F1A79C95E}.Debug|Any CPU.ActiveCfg = Debug|Any CPU
		{186F3C4E-C1C0-4AB9-AE99-878F1A79C95E}.Debug|Any CPU.Build.0 = Debug|Any CPU
		{186F3C4E-C1C0-4AB9-AE99-878F1A79C95E}.Release|Any CPU.ActiveCfg = Release|Any CPU
		{186F3C4E-C1C0-4AB9-AE99-878F1A79C95E}.Release|Any CPU.Build.0 = Release|Any CPU
	EndGlobalSection
	GlobalSection(SolutionProperties) = preSolution
		HideSolutionNode = FALSE
	EndGlobalSection
	GlobalSection(ExtensibilityGlobals) = postSolution
		SolutionGuid = {357C6549-5154-4A41-A0C6-54EFA1BB0B3E}
	EndGlobalSection
EndGlobal
